version = 1
revision = 3
requires-python = ">=3.8"
resolution-markers = [
    "python_full_version >= '3.9'",
    "python_full_version < '3.9'",
]

[[package]]
name = "crypto-project"
version = "0.1.0"
source = { virtual = "." }
dependencies = [
    { name = "pyside6", version = "6.6.3.1", source = { registry = "https://pypi.org/simple" }, marker = "python_full_version < '3.9'" },
    { name = "pyside6", version = "6.10.2", source = { registry = "https://pypi.org/simple" }, marker = "python_full_version >= '3.9'" },
    { name = "sympy", version = "1.13.3", source = { registry = "https://pypi.org/simple" }, marker = "python_full_version < '3.9'" },
    { name = "sympy", version = "1.14.0", source = { registry = "https://pypi.org/simple" }, marker = "python_full_version >= '3.9'" },
]

[package.metadata]
requires-dist = [
    { name = "pyside6", specifier = ">=6.6.3.1" },
    { name = "sympy", specifier = ">=1.13.3" },
]

[[package]]
name = "mpmath"
version = "1.3.0"
source = { registry = "https://pypi.org/simple" }
sdist = { url = "https://files.pythonhosted.org/packages/e0/47/dd32fa426cc72114383ac549964eecb20ecfd886d1e5ccf5340b55b02f57/mpmath-1.3.0.tar.gz", hash = "sha256:7a28eb2a9774d00c7bc92411c19a89209d5da7c4c9a9e227be8330a23a25b91f", size = 508106, upload-time = "2023-03-07T16:47:11.061Z" }
wheels = [
    { url = "https://files.pythonhosted.org/packages/43/e3/7d92a15f894aa0c9c4b49b8ee9ac9850d6e63b03c9c32c0367a13ae62209/mpmath-1.3.0-py3-none-any.whl", hash = "sha256:a0b2b9fe80bbcd81a6647ff13108738cfb482d481d826cc0e02f5b35e5c88d2c", size = 536198, upload-time = "2023-03-07T16:47:09.197Z" },
]

[[package]]
name = "pyside6"
version = "6.6.3.1"
source = { registry = "https://pypi.org/simple" }
resolution-markers = [
    "python_full_version < '3.9'",
]
dependencies = [
    { name = "pyside6-addons", version = "6.6.3.1", source = { registry = "https://pypi.org/simple" }, marker = "python_full_version < '3.9'" },
    { name = "pyside6-essentials", version = "6.6.3.1", source = { registry = "https://pypi.org/simple" }, marker = "python_full_version < '3.9'" },
    { name = "shiboken6", version = "6.6.3.1", source = { registry = "https://pypi.org/simple" }, marker = "python_full_version < '3.9'" },
]
wheels = [
    { url = "https://files.pythonhosted.org/packages/ba/9a/3483d05305701ba810192572cee5977ff884c033a1b8f96ab9582d81ccd4/PySide6-6.6.3.1-cp38-abi3-macosx_11_0_universal2.whl", hash = "sha256:3d2ebb08a7744b59e1270e57f264a9ef5b45fccdc0328a9aeb50d890d6b3f4f2", size = 512759, upload-time = "2024-04-02T12:28:14.771Z" },
    { url = "https://files.pythonhosted.org/packages/14/60/dc79d4ea59ed1ebe6062c5db972b31d489ea84315dcf3bd58a2a741c73b3/PySide6-6.6.3.1-cp38-abi3-manylinux_2_28_x86_64.whl", hash = "sha256:35936f06257e5c37ae8993da0cb5a528e5db3ea1fc2bb6b12cdf899a11510966", size = 513325, upload-time = "2024-04-02T12:28:17.925Z" },
    { url = "https://files.pythonhosted.org/packages/51/3e/b77d2b9a1efcb5c90a2df4f51eb10bce45b3787c4fa16b69c599fd6620b9/PySide6-6.6.3.1-cp38-abi3-manylinux_2_31_aarch64.whl", hash = "sha256:f7acd26fe8e1a745ef0be66b49ee49ee8ae50c2a2855d9792db262ebc7916d98", size = 513326, upload-time = "2024-04-02T12:28:20.418Z" },
    { url = "https://files.pythonhosted.org/packages/af/90/3164ace42cb80ed55642e965934133d0c49bfa3ea79e43631dd331cdc866/PySide6-6.6.3.1-cp38-abi3-win_amd64.whl", hash = "sha256:d993989a10725c856f5b07f25e0664c5059daa92c259549c9df0972b5b0c7935", size = 520559, upload-time = "2024-04-02T12:28:23.459Z" },
]

[[package]]
name = "pyside6"
version = "6.10.2"
source = { registry = "https://pypi.org/simple" }
resolution-markers = [
    "python_full_version >= '3.9'",
]
dependencies = [
    { name = "pyside6-addons", version = "6.10.2", source = { registry = "https://pypi.org/simple" }, marker = "python_full_version >= '3.9'" },
    { name = "pyside6-essentials", version = "6.10.2", source = { registry = "https://pypi.org/simple" }, marker = "python_full_version >= '3.9'" },
    { name = "shiboken6", version = "6.10.2", source = { registry = "https://pypi.org/simple" }, marker = "python_full_version >= '3.9'" },
]
wheels = [
    { url = "https://files.pythonhosted.org/packages/35/0f/5736889fc850794623692cb369e295a994175e51295fa52134626f486296/pyside6-6.10.2-cp39-abi3-macosx_13_0_universal2.whl", hash = "sha256:4b084293caa7845d0064aaf6af258e0f7caae03a14a33537d0a552131afddaf0", size = 563185, upload-time = "2026-02-02T08:50:47.161Z" },
    { url = "https://files.pythonhosted.org/packages/35/d3/ab5cd2fac3d34469c7376e0cd18eec92905dbe44748c70bda7699a2a7206/pyside6-6.10.2-cp39-abi3-manylinux_2_34_x86_64.whl", hash = "sha256:1b89ce8558d4b4f35b85bff1db90d680912e4d3ce9e79ff804d6fef1d1a151ef", size = 563357, upload-time = "2026-02-02T08:50:48.919Z" },
    { url = "https://files.pythonhosted.org/packages/ea/8c/55bbd50c138c8dc12edc9f25e9d94760a33e574905468e98dff399094baa/pyside6-6.10.2-cp39-abi3-manylinux_2_39_aarch64.whl", hash = "sha256:0439f5e9b10ebe6177981bac9e219096ec970ac6ec215bef055279802ba50601", size = 563357, upload-time = "2026-02-02T08:50:50.077Z" },
    { url = "https://files.pythonhosted.org/packages/4f/d4/673b8112b4a260377f760be835c4e357163fdaf68a56a1aec59aeb8e584b/pyside6-6.10.2-cp39-abi3-win_amd64.whl", hash = "sha256:032bad6b18a17fcbf4dddd0397f49b07f8aae7f1a45b7e4de7037bf7fd6e0edf", size = 569554, upload-time = "2026-02-02T08:50:51.147Z" },
    { url = "https://files.pythonhosted.org/packages/14/95/bda648fcccf61fe58cb417284716ae30acdddd44f7d4cbad6eea4ccaa872/pyside6-6.10.2-cp39-abi3-win_arm64.whl", hash = "sha256:65a59ad0bc92525639e3268d590948ce07a80ee97b55e7a9200db41d493cac31", size = 553828, upload-time = "2026-02-02T08:50:52.244Z" },
]

[[package]]
name = "pyside6-addons"
version = "6.6.3.1"
source = { registry = "https://pypi.org/simple" }
resolution-markers = [
    "python_full_version < '3.9'",
]
dependencies = [
    { name = "pyside6-essentials", version = "6.6.3.1", source = { registry = "https://pypi.org/simple" }, marker = "python_full_version < '3.9'" },
    { name = "shiboken6", version = "6.6.3.1", source = { registry = "https://pypi.org/simple" }, marker = "python_full_version < '3.9'" },
]
wheels = [
    { url = "https://files.pythonhosted.org/packages/5f/43/b4d9264969552450c2e889450908279302360901b530f3ec3eb1154db5bf/PySide6_Addons-6.6.3.1-cp38-abi3-macosx_11_0_universal2.whl", hash = "sha256:31135adc521ed6e3fdc8203507e7e9d72424d6b9ebd245d1189d991e90669d6a", size = 250159667, upload-time = "2024-04-02T12:08:03.498Z" },
    { url = "https://files.pythonhosted.org/packages/02/fc/e265aa0c338ddd8a4f2c3526aadc58f60980508ac56999ba79cf2ce744a7/PySide6_Addons-6.6.3.1-cp38-abi3-manylinux_2_28_x86_64.whl", hash = "sha256:7373479565e5bd963b9662857c40c20768bc0b5853334e2076a62cb039e91f74", size = 125913866, upload-time = "2024-04-02T12:09:59.877Z" },
    { url = "https://files.pythonhosted.org/packages/9e/52/d56c3380f300b14f26be8eaf98af71a128e7e7952a2b3f4c8b24b1547e0a/PySide6_Addons-6.6.3.1-cp38-abi3-manylinux_2_31_aarch64.whl", hash = "sha256:3abdc1e21de0c6763e5392af5ed8b2349291318ce235e7c310d84a2f9d5001a9", size = 111711166, upload-time = "2024-04-02T12:11:17.038Z" },
    { url = "https://files.pythonhosted.org/packages/f3/c6/fc354ab30ca87b34fa62794e75a65a6b8bc7f4e858c5fd217b8706a143bb/PySide6_Addons-6.6.3.1-cp38-abi3-win_amd64.whl", hash = "sha256:d8fbcd726dbf3e713e5d5ccc45ff0e1a9edfe336d7190c96cf7e7c7598681239", size = 111743197, upload-time = "2024-04-02T12:12:29.83Z" },
]

[[package]]
name = "pyside6-addons"
version = "6.10.2"
source = { registry = "https://pypi.org/simple" }
resolution-markers = [
    "python_full_version >= '3.9'",
]
dependencies = [
    { name = "pyside6-essentials", version = "6.10.2", source = { registry = "https://pypi.org/simple" }, marker = "python_full_version >= '3.9'" },
    { name = "shiboken6", version = "6.10.2", source = { registry = "https://pypi.org/simple" }, marker = "python_full_version >= '3.9'" },
]
wheels = [
    { url = "https://files.pythonhosted.org/packages/61/06/c283567628ffa2cefc3c72374ad607f1dfc9842a03db65f1347b9ae52bee/pyside6_addons-6.10.2-cp39-abi3-macosx_13_0_universal2.whl", hash = "sha256:0de7d0c9535e17d5e3b634b61314a1867f3b0f6d35c3d7cdc99efc353192faff", size = 322745605, upload-time = "2026-02-02T08:39:19.929Z" },
    { url = "https://files.pythonhosted.org/packages/a5/69/e1ab8c756fd3984b1fd7b186446227f524f6b561160bfbfdba8874b4709a/pyside6_addons-6.10.2-cp39-abi3-manylinux_2_34_x86_64.whl", hash = "sha256:030a851163b51dbf0063be59e9ddb6a9e760bde89a28e461ccc81a224d286eaf", size = 170718434, upload-time = "2026-02-02T08:40:55.989Z" },
    { url = "https://files.pythonhosted.org/packages/df/e5/18ba86ba86d1231c486d36f9accfe862ed6eb52ca0b698aeaf6e837a87ca/pyside6_addons-6.10.2-cp39-abi3-manylinux_2_39_aarch64.whl", hash = "sha256:fcee0373e3fd7b98f014094e5e37b4a39e4de7c5a47c13f654a7d557d4a426ad", size = 166423836, upload-time = "2026-02-02T08:42:44.918Z" },
    { url = "https://files.pythonhosted.org/packages/99/13/503bec9201881968c372cb634069535e80aec2489f3907d676e151a1023f/pyside6_addons-6.10.2-cp39-abi3-win_amd64.whl", hash = "sha256:c20150068525a17494f3b6576c5d61c417cf9a5870659e29f5ebd83cd20a78ea", size = 164712775, upload-time = "2026-02-02T08:43:23.729Z" },
    { url = "https://files.pythonhosted.org/packages/b6/39/44d6710b4dd18d745077b5fc6ded4ba6f32987a6e49c5834529e50f02155/pyside6_addons-6.10.2-cp39-abi3-win_arm64.whl", hash = "sha256:3d18db739b46946ba7b722d8ad4cc2097135033aa6ea57076e64d591e6a345f3", size = 34041396, upload-time = "2026-02-02T08:43:31.246Z" },
]

[[package]]
name = "pyside6-essentials"
version = "6.6.3.1"
source = { registry = "https://pypi.org/simple" }
resolution-markers = [
    "python_full_version < '3.9'",
]
dependencies = [
    { name = "shiboken6", version = "6.6.3.1", source = { registry = "https://pypi.org/simple" }, marker = "python_full_version < '3.9'" },
]
wheels = [
    { url = "https://files.pythonhosted.org/packages/ec/47/69e1c0dd4305a30e01e54257fe08d7719da0464b1e2bd351d23831c0018c/PySide6_Essentials-6.6.3.1-cp38-abi3-macosx_11_0_universal2.whl", hash = "sha256:6c16530b63079711783796584b640cc80a347e0b2dc12651aa2877265df7a008", size = 147274572, upload-time = "2024-04-02T12:20:59.741Z" },
    { url = "https://files.pythonhosted.org/packages/4a/29/2375cccf188862c3297f40cb06832cd48fd98fd5da73b0b296a59f54c9f4/PySide6_Essentials-6.6.3.1-cp38-abi3-manylinux_2_28_x86_64.whl", hash = "sha256:1f41f357ce2384576581e76c9c3df1c4fa5b38e347f0bcd0cae7c5bce42a917c", size = 82521622, upload-time = "2024-04-02T12:22:11.01Z" },
    { url = "https://files.pythonhosted.org/packages/0f/2c/d6c6102a1a803f0619932996fed59c90429a09850a2b8c19f44f92dd4189/PySide6_Essentials-6.6.3.1-cp38-abi3-manylinux_2_31_aarch64.whl", hash = "sha256:27034525fdbdd21ef21f20fcd7aaf5c2ffe26f2bcf5269a69dd9492dec7e92aa", size = 66881609, upload-time = "2024-04-02T12:23:15.977Z" },
    { url = "https://files.pythonhosted.org/packages/03/c2/d4e78dd7661889b97e52fbfed908ce65abf1422dc03cc7e90752b52ff1f5/PySide6_Essentials-6.6.3.1-cp38-abi3-win_amd64.whl", hash = "sha256:31f7e70ada44d3cdbe6686670b3df036c720cfeb1dced0f7704e5f5a4be6a764", size = 77264921, upload-time = "2024-04-02T12:24:22.734Z" },
]

[[package]]
name = "pyside6-essentials"
version = "6.10.2"
source = { registry = "https://pypi.org/simple" }
resolution-markers = [
    "python_full_version >= '3.9'",
]
dependencies = [
    { name = "shiboken6", version = "6.10.2", source = { registry = "https://pypi.org/simple" }, marker = "python_full_version >= '3.9'" },
]
wheels = [
    { url = "https://files.pythonhosted.org/packages/1d/2e/5f18a77f5e0bd730bacec93a690d0ef3c96a9711d213653eacecbf241b8d/pyside6_essentials-6.10.2-cp39-abi3-macosx_13_0_universal2.whl", hash = "sha256:1dee2cb9803ff135f881dadeb5c0edcef793d1ec4f8a9140a1348cecb71074e1", size = 105913067, upload-time = "2026-02-02T08:45:37.508Z" },
    { url = "https://files.pythonhosted.org/packages/99/20/3a6ca95052e1744b5a3eba164e2dd451d358a3dcaf78179de4b45c8e3f47/pyside6_essentials-6.10.2-cp39-abi3-manylinux_2_34_x86_64.whl", hash = "sha256:660aea45bfa36f1e06f799b934c2a7df963bd31abc5083e8bb8a5bfaef45686b", size = 77027153, upload-time = "2026-02-02T08:45:53.09Z" },
    { url = "https://files.pythonhosted.org/packages/93/a6/6073e4ddc2a5c7b3941606e4bc8bbaadcf0737f57450620b0793041c8d22/pyside6_essentials-6.10.2-cp39-abi3-manylinux_2_39_aarch64.whl", hash = "sha256:c2b028e4c6f8047a02c31f373408e23b4eedfd405f56c6aba8d0525c29472835", size = 76114242, upload-time = "2026-02-02T08:46:07.184Z" },
    { url = "https://files.pythonhosted.org/packages/22/a8/616bbbd009efd3e17bf9a2db09d90c6764c010565cd2bdea2a240bfd18f7/pyside6_essentials-6.10.2-cp39-abi3-win_amd64.whl", hash = "sha256:0741018c2b6395038cad4c41775cfae3f13a409e87995ac9f7d89e5b1fb6b22a", size = 74546490, upload-time = "2026-02-02T08:46:26.395Z" },
    { url = "https://files.pythonhosted.org/packages/b9/f9/c9757a984c4ffb6d12fab69e966d95dfc862a5d44e12b7900f3a03780b76/pyside6_essentials-6.10.2-cp39-abi3-win_arm64.whl", hash = "sha256:db5f4913648bb6afddb8b347edae151ee2378f12bceb03c8b2515a530a4b38d9", size = 55258626, upload-time = "2026-02-02T08:46:36.788Z" },
]

[[package]]
name = "shiboken6"
version = "6.6.3.1"
source = { registry = "https://pypi.org/simple" }
resolution-markers = [
    "python_full_version < '3.9'",
]
wheels = [
    { url = "https://files.pythonhosted.org/packages/af/fb/183b7889168f44b19526f58c571b88e23375150abcbd5b603dd3a288ef7a/shiboken6-6.6.3.1-cp38-abi3-macosx_11_0_universal2.whl", hash = "sha256:2a8df586aa9eb629388b368d3157893083c5217ed3eb637bf182d1948c823a0f", size = 345925, upload-time = "2024-04-02T12:24:42.21Z" },
    { url = "https://files.pythonhosted.org/packages/77/f1/feb2a8be699f91fb27fbe8758b405fb38a22e3ae5bd5e05258dbef18d462/shiboken6-6.6.3.1-cp38-abi3-manylinux_2_28_x86_64.whl", hash = "sha256:b1aeff0d79d84ddbdc9970144c1bbc3a52fcb45618d1b33d17d57f99f1246d45", size = 171474, upload-time = "2024-04-02T12:24:44.914Z" },
    { url = "https://files.pythonhosted.org/packages/b9/03/e71f0f3fc35fcc90265d1345e3afa509bbd2d6bb305c6e78427a9b27efea/shiboken6-6.6.3.1-cp38-abi3-manylinux_2_31_aarch64.whl", hash = "sha256:902d9e126ac57cc3841cdc50ba38d53948b40cf667538172f253c4ae7b2dcb2c", size = 162427, upload-time = "2024-04-02T12:24:46.669Z" },
    { url = "https://files.pythonhosted.org/packages/b8/f3/b4153287806a63ee064570ed527f16f9eacedab4f4ea99cb84b55e624e21/shiboken6-6.6.3.1-cp38-abi3-win_amd64.whl", hash = "sha256:88494b5e08a1f235efddbe2b0b225a3a66e07d72b6091fcc2fc5448572453649", size = 1068203, upload-time = "2024-04-02T12:24:50.09Z" },
]

[[package]]
name = "shiboken6"
version = "6.10.2"
source = { registry = "https://pypi.org/simple" }
resolution-markers = [
    "python_full_version >= '3.9'",
]
wheels = [
    { url = "https://files.pythonhosted.org/packages/fb/38/3912eb08a3b865b5fcdb4bdce8076cacc211986cee587f5cb62e637791af/shiboken6-6.10.2-cp39-abi3-macosx_13_0_universal2.whl", hash = "sha256:3bd4e94e9a3c8c1fa8362fd752d399ef39265d5264e4e37bae61cdaa2a00c8c7", size = 479829, upload-time = "2026-02-02T08:50:22.495Z" },
    { url = "https://files.pythonhosted.org/packages/52/88/292e0576489c46624ab419ee284ac5a59ae10e2eb34a58b6abca51dfd290/shiboken6-6.10.2-cp39-abi3-manylinux_2_34_x86_64.whl", hash = "sha256:ace0790032d9cb0adda644b94ee28d59410180d9773643bb6cf8438c361987ad", size = 273052, upload-time = "2026-02-02T08:50:24.539Z" },
    { url = "https://files.pythonhosted.org/packages/06/c2/03d44d34e8264e1f25671677fece95b414c70fd85dcc2be8d5e821ee2628/shiboken6-6.10.2-cp39-abi3-manylinux_2_39_aarch64.whl", hash = "sha256:f74d3ed1f92658077d0630c39e694eb043aeb1d830a5d275176c45d07147427f", size = 269868, upload-time = "2026-02-02T08:50:25.662Z" },
    { url = "https://files.pythonhosted.org/packages/71/5d/5ca52c0ef86b3d01572131b6709bd531a080995f7e680720e9424328ce1d/shiboken6-6.10.2-cp39-abi3-win_amd64.whl", hash = "sha256:10f3c8c5e1b8bee779346f21c10dbc14cff068f0b0b4e62420c82a6bf36ac2e7", size = 1222052, upload-time = "2026-02-02T08:50:27.502Z" },
    { url = "https://files.pythonhosted.org/packages/46/52/421fd378313c89b67ee7d584bf4e9ec088fa1804891b8d74e02b16703457/shiboken6-6.10.2-cp39-abi3-win_arm64.whl", hash = "sha256:20c671645d70835af212ee05df60361d734c5305edb2746e9875c6a31283f963", size = 1784089, upload-time = "2026-02-02T08:50:29.069Z" },
]

[[package]]
name = "sympy"
version = "1.13.3"
source = { registry = "https://pypi.org/simple" }
resolution-markers = [
    "python_full_version < '3.9'",
]
dependencies = [
    { name = "mpmath", marker = "python_full_version < '3.9'" },
]
sdist = { url = "https://files.pythonhosted.org/packages/11/8a/5a7fd6284fa8caac23a26c9ddf9c30485a48169344b4bd3b0f02fef1890f/sympy-1.13.3.tar.gz", hash = "sha256:b27fd2c6530e0ab39e275fc9b683895367e51d5da91baa8d3d64db2565fec4d9", size = 7533196, upload-time = "2024-09-18T21:54:25.591Z" }
wheels = [
    { url = "https://files.pythonhosted.org/packages/99/ff/c87e0622b1dadea79d2fb0b25ade9ed98954c9033722eb707053d310d4f3/sympy-1.13.3-py3-none-any.whl", hash = "sha256:54612cf55a62755ee71824ce692986f23c88ffa77207b30c1368eda4a7060f73", size = 6189483, upload-time = "2024-09-18T21:54:23.097Z" },
]

[[package]]
name = "sympy"
version = "1.14.0"
source = { registry = "https://pypi.org/simple" }
resolution-markers = [
    "python_full_version >= '3.9'",
]
dependencies = [
    { name = "mpmath", marker = "python_full_version >= '3.9'" },
]
sdist = { url = "https://files.pythonhosted.org/packages/83/d3/803453b36afefb7c2bb238361cd4ae6125a569b4db67cd9e79846ba2d68c/sympy-1.14.0.tar.gz", hash = "sha256:d3d3fe8df1e5a0b42f0e7bdf50541697dbe7d23746e894990c030e2b05e72517", size = 7793921, upload-time = "2025-04-27T18:05:01.611Z" }
wheels = [
    { url = "https://files.pythonhosted.org/packages/a2/09/77d55d46fd61b4a135c444fc97158ef34a095e5681d0a6c10b75bf356191/sympy-1.14.0-py3-none-any.whl", hash = "sha256:e091cc3e99d2141a0ba2847328f5479b05d94a6635cb96148ccb3f34671bd8f5", size = 6299353, upload-time = "2025-04-27T18:04:59.103Z" },
]
